
Microsoft Visual Studio Solution File, Format Version 12.00
# Visual Studio Version 17
VisualStudioVersion = 17.0.31903.59
MinimumVisualStudioVersion = 10.0.40219.1
Project("{FAE04EC0-301F-11D3-BF4B-00C04F79EFBC}") = "PrimeService", "PrimeService\PrimeService.csproj", "{C0A34E1C-F072-4A77-BEAB-2A625642277B}"
EndProject
Project("{FAE04EC0-301F-11D3-BF4B-00C04F79EFBC}") = "PrimeService.Tests", "PrimeService.Tests\PrimeService.Tests.csproj", "{FE4561A2-88D8-4156-8FE7-E90D80C1C7C8}"
EndProject
Global
	GlobalSection(SolutionConfigurationPlatforms) = preSolution
		Debug|Any CPU = Debug|Any CPU
		Release|Any CPU = Release|Any CPU
	EndGlobalSection
	GlobalSection(SolutionProperties) = preSolution
		HideSolutionNode = FALSE
	EndGlobalSection
	GlobalSection(ProjectConfigurationPlatforms) = postSolution
		{C0A34E1C-F072-4A77-BEAB-2A625642277B}.Debug|Any CPU.ActiveCfg = Debug|Any CPU
		{C0A34E1C-F072-4A77-BEAB-2A625642277B}.Debug|Any CPU.Build.0 = Debug|Any CPU
		{C0A34E1C-F072-4A77-BEAB-2A625642277B}.Release|Any CPU.ActiveCfg = Release|Any CPU
		{C0A34E1C-F072-4A77-BEAB-2A625642277B}.Release|Any CPU.Build.0 = Release|Any CPU
		{FE4561A2-88D8-4156-8FE7-E90D80C1C7C8}.Debug|Any CPU.ActiveCfg = Debug|Any CPU
		{FE4561A2-88D8-4156-8FE7-E90D80C1C7C8}.Debug|Any CPU.Build.0 = Debug|Any CPU
		{FE4561A2-88D8-4156-8FE7-E90D80C1C7C8}.Release|Any CPU.ActiveCfg = Release|Any CPU
		{FE4561A2-88D8-4156-8FE7-E90D80C1C7C8}.Release|Any CPU.Build.0 = Release|Any CPU
	EndGlobalSection
EndGlobal
